<?xml version="1.0" encoding="utf-8"?>
<Project ToolsVersion="4.0" xmlns="http://schemas.microsoft.com/developer/msbuild/2003">
  <ItemGroup>
    <Filter Include="Исходные файлы">
      <UniqueIdentifier>{4FC737F1-C7A5-4376-A066-2A32D752A2FF}</UniqueIdentifier>
      <Extensions>cpp;c;cc;cxx;c++;cppm;ixx;def;odl;idl;hpj;bat;asm;asmx</Extensions>
    </Filter>
    <Filter Include="Файлы заголовков">
      <UniqueIdentifier>{93995380-89BD-4b04-88EB-625FBE52EBFB}</UniqueIdentifier>
      <Extensions>h;hh;hpp;hxx;h++;hm;inl;inc;ipp;xsd</Extensions>
    </Filter>
    <Filter Include="Файлы ресурсов">
      <UniqueIdentifier>{67DA6AB6-F800-4c08-8B7A-83BB121AAD01}</UniqueIdentifier>
      <Extensions>rc;ico;cur;bmp;dlg;rc2;rct;bin;rgs;gif;jpg;jpeg;jpe;resx;tiff;tif;png;wav;mfcribbon-ms</Extensions>
    </Filter>
  </ItemGroup>
  <ItemGroup>
    <ClCompile Include="main.cpp">
      <Filter>Исходные файлы</Filter>
    </ClCompile>
    <ClCompile Include="funsc5.cpp">
      <Filter>Исходные файлы</Filter>
    </ClCompile>
    <ClCompile Include="funcs1.cpp">
      <Filter>Исходные файлы</Filter>
    </ClCompile>
    <ClCompile Include="funcs2.cpp">
      <Filter>Исходные файлы</Filter>
    </ClCompile>
    <ClCompile Include="funcs3.cpp">
      <Filter>Исходные файлы</Filter>
    </ClCompile>
    <ClCompile Include="funcs4.cpp">
      <Filter>Исходные файлы</Filter>
    </ClCompile>
    <ClCompile Include="funcs6.cpp">
      <Filter>Исходные файлы</Filter>
    </ClCompile>
    <ClCompile Include="funcs7.cpp">
      <Filter>Исходные файлы</Filter>
    </ClCompile>
    <ClCompile Include="funcs8.cpp">
      <Filter>Исходные файлы</Filter>
    </ClCompile>
    <ClCompile Include="funcs9.cpp">
      <Filter>Исходные файлы</Filter>
    </ClCompile>
    <ClCompile Include="funcs10.cpp">
      <Filter>Исходные файлы</Filter>
    </ClCompile>
    <ClCompile Include="funcs11.cpp">
      <Filter>Исходные файлы</Filter>
    </ClCompile>
    <ClCompile Include="funcs12.cpp">
      <Filter>Исходные файлы</Filter>
    </ClCompile>
    <ClCompile Include="funcs13.cpp">
      <Filter>Исходные файлы</Filter>
    </ClCompile>
    <ClCompile Include="funcs14.cpp">
      <Filter>Исходные файлы</Filter>
    </ClCompile>
    <ClCompile Include="funcs15.cpp">
      <Filter>Исходные файлы</Filter>
    </ClCompile>
    <ClCompile Include="funcs16.cpp">
      <Filter>Исходные файлы</Filter>
    </ClCompile>
    <ClCompile Include="funcs17.cpp">
      <Filter>Исходные файлы</Filter>
    </ClCompile>
    <ClCompile Include="funcs18.cpp">
      <Filter>Исходные файлы</Filter>
    </ClCompile>
    <ClCompile Include="funcs19.cpp">
      <Filter>Исходные файлы</Filter>
    </ClCompile>
    <ClCompile Include="funcs20.cpp">
      <Filter>Исходные файлы</Filter>
    </ClCompile>
    <ClCompile Include="funcs23.cpp">
      <Filter>Исходные файлы</Filter>
    </ClCompile>
    <ClCompile Include="funcs26.cpp">
      <Filter>Исходные файлы</Filter>
    </ClCompile>
    <ClCompile Include="funcs29.cpp">
      <Filter>Исходные файлы</Filter>
    </ClCompile>
    <ClCompile Include="funcs28.cpp">
      <Filter>Исходные файлы</Filter>
    </ClCompile>
    <ClCompile Include="funcs30.cpp">
      <Filter>Исходные файлы</Filter>
    </ClCompile>
    <ClCompile Include="funcs32.cpp">
      <Filter>Исходные файлы</Filter>
    </ClCompile>
    <ClCompile Include="funcs33.cpp">
      <Filter>Исходные файлы</Filter>
    </ClCompile>
  </ItemGroup>
  <ItemGroup>
    <ClInclude Include="funcsT.h">
      <Filter>Файлы заголовков</Filter>
    </ClInclude>
  </ItemGroup>
</Project>